
Microsoft Visual Studio Solution File, Format Version 12.00
# Visual Studio Version 16
VisualStudioVersion = 16.0.30204.135
MinimumVisualStudioVersion = 10.0.40219.1
Project("{FAE04EC0-301F-11D3-BF4B-00C04F79EFBC}") = "WSVentas", "WSVentas\WSVentas.csproj", "{9E0D1218-9AE8-4DF0-B573-29704C9F7218}"
EndProject
Global
	GlobalSection(SolutionConfigurationPlatforms) = preSolution
		Debug|Any CPU = Debug|Any CPU
		Release|Any CPU = Release|Any CPU
	EndGlobalSection
	GlobalSection(ProjectConfigurationPlatforms) = postSolution
		{9E0D1218-9AE8-4DF0-B573-29704C9F7218}.Debug|Any CPU.ActiveCfg = Debug|Any CPU
		{9E0D1218-9AE8-4DF0-B573-29704C9F7218}.Debug|Any CPU.Build.0 = Debug|Any CPU
		{9E0D1218-9AE8-4DF0-B573-29704C9F7218}.Release|Any CPU.ActiveCfg = Release|Any CPU
		{9E0D1218-9AE8-4DF0-B573-29704C9F7218}.Release|Any CPU.Build.0 = Release|Any CPU
	EndGlobalSection
	GlobalSection(SolutionProperties) = preSolution
		HideSolutionNode = FALSE
	EndGlobalSection
	GlobalSection(ExtensibilityGlobals) = postSolution
		SolutionGuid = {B32737AA-D31C-44DF-9E90-EEF8BBCEDA57}
	EndGlobalSection
EndGlobal
